// !$*UTF8*$!
{
	archiveVersion = 1;
	classes = {
	};
	objectVersion = 48;
	objects = {

/* Begin PBXBuildFile section */
		4A6570D220749D3000DD1E52 /* AppDelegate.swift in Sources */ = {isa = PBXBuildFile; fileRef = 4A6570D120749D3000DD1E52 /* AppDelegate.swift */; };
		4A6570D420749D3000DD1E52 /* ProfileViewController.swift in Sources */ = {isa = PBXBuildFile; fileRef = 4A6570D320749D3000DD1E52 /* ProfileViewController.swift */; };
		4A6570D720749D3000DD1E52 /* Main.storyboard in Resources */ = {isa = PBXBuildFile; fileRef = 4A6570D520749D3000DD1E52 /* Main.storyboard */; };
		4A6570D920749D3000DD1E52 /* Assets.xcassets in Resources */ = {isa = PBXBuildFile; fileRef = 4A6570D820749D3000DD1E52 /* Assets.xcassets */; };
		4A6570DC20749D3000DD1E52 /* LaunchScreen.storyboard in Resources */ = {isa = PBXBuildFile; fileRef = 4A6570DA20749D3000DD1E52 /* LaunchScreen.storyboard */; };
		4A6570F02074A14300DD1E52 /* MapsViewController.swift in Sources */ = {isa = PBXBuildFile; fileRef = 4A6570EF2074A14300DD1E52 /* MapsViewController.swift */; };
		4A6FCDE420762AFF009A82C8 /* maps.png in Resources */ = {isa = PBXBuildFile; fileRef = 4A6FCDE320762AFE009A82C8 /* maps.png */; };
		4A6FCDE720762D83009A82C8 /* profile.png in Resources */ = {isa = PBXBuildFile; fileRef = 4A6FCDE620762D83009A82C8 /* profile.png */; };
		4A6FCDED20762F1F009A82C8 /* FeedsViewController.swift in Sources */ = {isa = PBXBuildFile; fileRef = 4A6FCDEC20762F1F009A82C8 /* FeedsViewController.swift */; };
		4A6FCDF72076304A009A82C8 /* feed.png in Resources */ = {isa = PBXBuildFile; fileRef = 4A6FCDF62076304A009A82C8 /* feed.png */; };
		4A6FCDFD207630AB009A82C8 /* GalleryViewController.swift in Sources */ = {isa = PBXBuildFile; fileRef = 4A6FCDFC207630AB009A82C8 /* GalleryViewController.swift */; };
		4A6FCDFF2076311E009A82C8 /* gallery.png in Resources */ = {isa = PBXBuildFile; fileRef = 4A6FCDFE2076311E009A82C8 /* gallery.png */; };
		4A70440A207BD6D700ACAE86 /* GoogleImage.swift in Sources */ = {isa = PBXBuildFile; fileRef = 4A704409207BD6D700ACAE86 /* GoogleImage.swift */; };
		4A70440D207BD8AB00ACAE86 /* GetGoogleImageParser.swift in Sources */ = {isa = PBXBuildFile; fileRef = 4A70440C207BD8AB00ACAE86 /* GetGoogleImageParser.swift */; };
/* End PBXBuildFile section */

/* Begin PBXFileReference section */
		4A6570CE20749D3000DD1E52 /* WhatIAm.app */ = {isa = PBXFileReference; explicitFileType = wrapper.application; includeInIndex = 0; path = WhatIAm.app; sourceTree = BUILT_PRODUCTS_DIR; };
		4A6570D120749D3000DD1E52 /* AppDelegate.swift */ = {isa = PBXFileReference; lastKnownFileType = sourcecode.swift; path = AppDelegate.swift; sourceTree = "<group>"; };
		4A6570D320749D3000DD1E52 /* ProfileViewController.swift */ = {isa = PBXFileReference; lastKnownFileType = sourcecode.swift; path = ProfileViewController.swift; sourceTree = "<group>"; };
		4A6570D620749D3000DD1E52 /* Base */ = {isa = PBXFileReference; lastKnownFileType = file.storyboard; name = Base; path = Base.lproj/Main.storyboard; sourceTree = "<group>"; };
		4A6570D820749D3000DD1E52 /* Assets.xcassets */ = {isa = PBXFileReference; lastKnownFileType = folder.assetcatalog; path = Assets.xcassets; sourceTree = "<group>"; };
		4A6570DB20749D3000DD1E52 /* Base */ = {isa = PBXFileReference; lastKnownFileType = file.storyboard; name = Base; path = Base.lproj/LaunchScreen.storyboard; sourceTree = "<group>"; };
		4A6570DD20749D3000DD1E52 /* Info.plist */ = {isa = PBXFileReference; lastKnownFileType = text.plist.xml; path = Info.plist; sourceTree = "<group>"; };
		4A6570EF2074A14300DD1E52 /* MapsViewController.swift */ = {isa = PBXFileReference; lastKnownFileType = sourcecode.swift; path = MapsViewController.swift; sourceTree = "<group>"; };
		4A6FCDE320762AFE009A82C8 /* maps.png */ = {isa = PBXFileReference; lastKnownFileType = image.png; path = maps.png; sourceTree = "<group>"; };
		4A6FCDE620762D83009A82C8 /* profile.png */ = {isa = PBXFileReference; lastKnownFileType = image.png; path = profile.png; sourceTree = "<group>"; };
		4A6FCDEC20762F1F009A82C8 /* FeedsViewController.swift */ = {isa = PBXFileReference; lastKnownFileType = sourcecode.swift; path = FeedsViewController.swift; sourceTree = "<group>"; };
		4A6FCDF62076304A009A82C8 /* feed.png */ = {isa = PBXFileReference; lastKnownFileType = image.png; path = feed.png; sourceTree = "<group>"; };
		4A6FCDFC207630AB009A82C8 /* GalleryViewController.swift */ = {isa = PBXFileReference; lastKnownFileType = sourcecode.swift; path = GalleryViewController.swift; sourceTree = "<group>"; };
		4A6FCDFE2076311E009A82C8 /* gallery.png */ = {isa = PBXFileReference; lastKnownFileType = image.png; path = gallery.png; sourceTree = "<group>"; };
		4A704409207BD6D700ACAE86 /* GoogleImage.swift */ = {isa = PBXFileReference; lastKnownFileType = sourcecode.swift; name = GoogleImage.swift; path = WhatIAm/GalleryView/model/GoogleImage.swift; sourceTree = SOURCE_ROOT; };
		4A70440C207BD8AB00ACAE86 /* GetGoogleImageParser.swift */ = {isa = PBXFileReference; lastKnownFileType = sourcecode.swift; path = GetGoogleImageParser.swift; sourceTree = "<group>"; };
/* End PBXFileReference section */

/* Begin PBXFrameworksBuildPhase section */
		4A6570CB20749D3000DD1E52 /* Frameworks */ = {
			isa = PBXFrameworksBuildPhase;
			buildActionMask = 2147483647;
			files = (
			);
			runOnlyForDeploymentPostprocessing = 0;
		};
/* End PBXFrameworksBuildPhase section */

/* Begin PBXGroup section */
		4A6570C520749D3000DD1E52 = {
			isa = PBXGroup;
			children = (
				4A6570D020749D3000DD1E52 /* WhatIAm */,
				4A6570CF20749D3000DD1E52 /* Products */,
			);
			sourceTree = "<group>";
		};
		4A6570CF20749D3000DD1E52 /* Products */ = {
			isa = PBXGroup;
			children = (
				4A6570CE20749D3000DD1E52 /* WhatIAm.app */,
			);
			name = Products;
			sourceTree = "<group>";
		};
		4A6570D020749D3000DD1E52 /* WhatIAm */ = {
			isa = PBXGroup;
			children = (
				4A6FCDF820763099009A82C8 /* GalleryView */,
				4A6FCDF220762F6D009A82C8 /* ProfileView */,
				4A6FCDEE20762F40009A82C8 /* MapsView */,
				4A6FCDE820762EF5009A82C8 /* FeedsView */,
				4A6FCDE520762B33009A82C8 /* Resources */,
				4A6570D120749D3000DD1E52 /* AppDelegate.swift */,
				4A6570D520749D3000DD1E52 /* Main.storyboard */,
				4A6570D820749D3000DD1E52 /* Assets.xcassets */,
				4A6570DA20749D3000DD1E52 /* LaunchScreen.storyboard */,
				4A6570DD20749D3000DD1E52 /* Info.plist */,
			);
			path = WhatIAm;
			sourceTree = "<group>";
		};
		4A6FCDE520762B33009A82C8 /* Resources */ = {
			isa = PBXGroup;
			children = (
				4A6FCDFE2076311E009A82C8 /* gallery.png */,
				4A6FCDE620762D83009A82C8 /* profile.png */,
				4A6FCDF62076304A009A82C8 /* feed.png */,
				4A6FCDE320762AFE009A82C8 /* maps.png */,
			);
			path = Resources;
			sourceTree = "<group>";
		};
		4A6FCDE820762EF5009A82C8 /* FeedsView */ = {
			isa = PBXGroup;
			children = (
				4A6FCDE920762EF5009A82C8 /* controller */,
				4A6FCDEA20762EF5009A82C8 /* model */,
				4A6FCDEB20762EF5009A82C8 /* view */,
			);
			path = FeedsView;
			sourceTree = "<group>";
		};
		4A6FCDE920762EF5009A82C8 /* controller */ = {
			isa = PBXGroup;
			children = (
				4A6FCDEC20762F1F009A82C8 /* FeedsViewController.swift */,
			);
			path = controller;
			sourceTree = "<group>";
		};
		4A6FCDEA20762EF5009A82C8 /* model */ = {
			isa = PBXGroup;
			children = (
			);
			path = model;
			sourceTree = "<group>";
		};
		4A6FCDEB20762EF5009A82C8 /* view */ = {
			isa = PBXGroup;
			children = (
			);
			path = view;
			sourceTree = "<group>";
		};
		4A6FCDEE20762F40009A82C8 /* MapsView */ = {
			isa = PBXGroup;
			children = (
				4A6FCDEF20762F40009A82C8 /* controller */,
				4A6FCDF020762F40009A82C8 /* model */,
				4A6FCDF120762F40009A82C8 /* view */,
			);
			path = MapsView;
			sourceTree = "<group>";
		};
		4A6FCDEF20762F40009A82C8 /* controller */ = {
			isa = PBXGroup;
			children = (
				4A6570EF2074A14300DD1E52 /* MapsViewController.swift */,
			);
			path = controller;
			sourceTree = "<group>";
		};
		4A6FCDF020762F40009A82C8 /* model */ = {
			isa = PBXGroup;
			children = (
			);
			path = model;
			sourceTree = "<group>";
		};
		4A6FCDF120762F40009A82C8 /* view */ = {
			isa = PBXGroup;
			children = (
			);
			path = view;
			sourceTree = "<group>";
		};
		4A6FCDF220762F6D009A82C8 /* ProfileView */ = {
			isa = PBXGroup;
			children = (
				4A6FCDF320762F6D009A82C8 /* controller */,
				4A6FCDF420762F6D009A82C8 /* model */,
				4A6FCDF520762F6D009A82C8 /* view */,
			);
			path = ProfileView;
			sourceTree = "<group>";
		};
		4A6FCDF320762F6D009A82C8 /* controller */ = {
			isa = PBXGroup;
			children = (
				4A6570D320749D3000DD1E52 /* ProfileViewController.swift */,
			);
			path = controller;
			sourceTree = "<group>";
		};
		4A6FCDF420762F6D009A82C8 /* model */ = {
			isa = PBXGroup;
			children = (
			);
			path = model;
			sourceTree = "<group>";
		};
		4A6FCDF520762F6D009A82C8 /* view */ = {
			isa = PBXGroup;
			children = (
			);
			path = view;
			sourceTree = "<group>";
		};
		4A6FCDF820763099009A82C8 /* GalleryView */ = {
			isa = PBXGroup;
			children = (
				4A70440E207BDFC000ACAE86 /* view */,
				4A70440B207BD6F000ACAE86 /* model */,
				4A6FCDF920763099009A82C8 /* controller */,
			);
			path = GalleryView;
			sourceTree = "<group>";
		};
		4A6FCDF920763099009A82C8 /* controller */ = {
			isa = PBXGroup;
			children = (
				4A6FCDFC207630AB009A82C8 /* GalleryViewController.swift */,
			);
			path = controller;
			sourceTree = "<group>";
		};
		4A70440B207BD6F000ACAE86 /* model */ = {
			isa = PBXGroup;
			children = (
				4A704409207BD6D700ACAE86 /* GoogleImage.swift */,
				4A70440C207BD8AB00ACAE86 /* GetGoogleImageParser.swift */,
			);
			path = model;
			sourceTree = "<group>";
		};
		4A70440E207BDFC000ACAE86 /* view */ = {
			isa = PBXGroup;
			children = (
			);
			path = view;
			sourceTree = "<group>";
		};
/* End PBXGroup section */

/* Begin PBXNativeTarget section */
		4A6570CD20749D3000DD1E52 /* WhatIAm */ = {
			isa = PBXNativeTarget;
			buildConfigurationList = 4A6570E020749D3000DD1E52 /* Build configuration list for PBXNativeTarget "WhatIAm" */;
			buildPhases = (
				4A6570CA20749D3000DD1E52 /* Sources */,
				4A6570CB20749D3000DD1E52 /* Frameworks */,
				4A6570CC20749D3000DD1E52 /* Resources */,
			);
			buildRules = (
			);
			dependencies = (
			);
			name = WhatIAm;
			productName = WhatIAm;
			productReference = 4A6570CE20749D3000DD1E52 /* WhatIAm.app */;
			productType = "com.apple.product-type.application";
		};
/* End PBXNativeTarget section */

/* Begin PBXProject section */
		4A6570C620749D3000DD1E52 /* Project object */ = {
			isa = PBXProject;
			attributes = {
				LastSwiftUpdateCheck = 0920;
				LastUpgradeCheck = 0920;
				ORGANIZATIONNAME = intimetec;
				TargetAttributes = {
					4A6570CD20749D3000DD1E52 = {
						CreatedOnToolsVersion = 9.2;
						ProvisioningStyle = Manual;
					};
				};
			};
			buildConfigurationList = 4A6570C920749D3000DD1E52 /* Build configuration list for PBXProject "WhatIAm" */;
			compatibilityVersion = "Xcode 8.0";
			developmentRegion = en;
			hasScannedForEncodings = 0;
			knownRegions = (
				en,
				Base,
			);
			mainGroup = 4A6570C520749D3000DD1E52;
			productRefGroup = 4A6570CF20749D3000DD1E52 /* Products */;
			projectDirPath = "";
			projectRoot = "";
			targets = (
				4A6570CD20749D3000DD1E52 /* WhatIAm */,
			);
		};
/* End PBXProject section */

/* Begin PBXResourcesBuildPhase section */
		4A6570CC20749D3000DD1E52 /* Resources */ = {
			isa = PBXResourcesBuildPhase;
			buildActionMask = 2147483647;
			files = (
				4A6FCDE420762AFF009A82C8 /* maps.png in Resources */,
				4A6FCDF72076304A009A82C8 /* feed.png in Resources */,
				4A6570DC20749D3000DD1E52 /* LaunchScreen.storyboard in Resources */,
				4A6570D920749D3000DD1E52 /* Assets.xcassets in Resources */,
				4A6570D720749D3000DD1E52 /* Main.storyboard in Resources */,
				4A6FCDE720762D83009A82C8 /* profile.png in Resources */,
				4A6FCDFF2076311E009A82C8 /* gallery.png in Resources */,
			);
			runOnlyForDeploymentPostprocessing = 0;
		};
/* End PBXResourcesBuildPhase section */

/* Begin PBXSourcesBuildPhase section */
		4A6570CA20749D3000DD1E52 /* Sources */ = {
			isa = PBXSourcesBuildPhase;
			buildActionMask = 2147483647;
			files = (
				4A6570F02074A14300DD1E52 /* MapsViewController.swift in Sources */,
				4A70440D207BD8AB00ACAE86 /* GetGoogleImageParser.swift in Sources */,
				4A6570D420749D3000DD1E52 /* ProfileViewController.swift in Sources */,
				4A6FCDFD207630AB009A82C8 /* GalleryViewController.swift in Sources */,
				4A6FCDED20762F1F009A82C8 /* FeedsViewController.swift in Sources */,
				4A6570D220749D3000DD1E52 /* AppDelegate.swift in Sources */,
				4A70440A207BD6D700ACAE86 /* GoogleImage.swift in Sources */,
			);
			runOnlyForDeploymentPostprocessing = 0;
		};
/* End PBXSourcesBuildPhase section */

/* Begin PBXVariantGroup section */
		4A6570D520749D3000DD1E52 /* Main.storyboard */ = {
			isa = PBXVariantGroup;
			children = (
				4A6570D620749D3000DD1E52 /* Base */,
			);
			name = Main.storyboard;
			sourceTree = "<group>";
		};
		4A6570DA20749D3000DD1E52 /* LaunchScreen.storyboard */ = {
			isa = PBXVariantGroup;
			children = (
				4A6570DB20749D3000DD1E52 /* Base */,
			);
			name = LaunchScreen.storyboard;
			sourceTree = "<group>";
		};
/* End PBXVariantGroup section */

/* Begin XCBuildConfiguration section */
		4A6570DE20749D3000DD1E52 /* Debug */ = {
			isa = XCBuildConfiguration;
			buildSettings = {
				ALWAYS_SEARCH_USER_PATHS = NO;
				CLANG_ANALYZER_NONNULL = YES;
				CLANG_ANALYZER_NUMBER_OBJECT_CONVERSION = YES_AGGRESSIVE;
				CLANG_CXX_LANGUAGE_STANDARD = "gnu++14";
				CLANG_CXX_LIBRARY = "libc++";
				CLANG_ENABLE_MODULES = YES;
				CLANG_ENABLE_OBJC_ARC = YES;
				CLANG_WARN_BLOCK_CAPTURE_AUTORELEASING = YES;
				CLANG_WARN_BOOL_CONVERSION = YES;
				CLANG_WARN_COMMA = YES;
				CLANG_WARN_CONSTANT_CONVERSION = YES;
				CLANG_WARN_DIRECT_OBJC_ISA_USAGE = YES_ERROR;
				CLANG_WARN_DOCUMENTATION_COMMENTS = YES;
				CLANG_WARN_EMPTY_BODY = YES;
				CLANG_WARN_ENUM_CONVERSION = YES;
				CLANG_WARN_INFINITE_RECURSION = YES;
				CLANG_WARN_INT_CONVERSION = YES;
				CLANG_WARN_NON_LITERAL_NULL_CONVERSION = YES;
				CLANG_WARN_OBJC_LITERAL_CONVERSION = YES;
				CLANG_WARN_OBJC_ROOT_CLASS = YES_ERROR;
				CLANG_WARN_RANGE_LOOP_ANALYSIS = YES;
				CLANG_WARN_STRICT_PROTOTYPES = YES;
				CLANG_WARN_SUSPICIOUS_MOVE = YES;
				CLANG_WARN_UNGUARDED_AVAILABILITY = YES_AGGRESSIVE;
				CLANG_WARN_UNREACHABLE_CODE = YES;
				CLANG_WARN__DUPLICATE_METHOD_MATCH = YES;
				CODE_SIGN_IDENTITY = "iPhone Developer";
				COPY_PHASE_STRIP = NO;
				DEBUG_INFORMATION_FORMAT = dwarf;
				ENABLE_STRICT_OBJC_MSGSEND = YES;
				ENABLE_TESTABILITY = YES;
				GCC_C_LANGUAGE_STANDARD = gnu11;
				GCC_DYNAMIC_NO_PIC = NO;
				GCC_NO_COMMON_BLOCKS = YES;
				GCC_OPTIMIZATION_LEVEL = 0;
				GCC_PREPROCESSOR_DEFINITIONS = (
					"DEBUG=1",
					"$(inherited)",
				);
				GCC_WARN_64_TO_32_BIT_CONVERSION = YES;
				GCC_WARN_ABOUT_RETURN_TYPE = YES_ERROR;
				GCC_WARN_UNDECLARED_SELECTOR = YES;
				GCC_WARN_UNINITIALIZED_AUTOS = YES_AGGRESSIVE;
				GCC_WARN_UNUSED_FUNCTION = YES;
				GCC_WARN_UNUSED_VARIABLE = YES;
				IPHONEOS_DEPLOYMENT_TARGET = 11.2;
				MTL_ENABLE_DEBUG_INFO = YES;
				ONLY_ACTIVE_ARCH = YES;
				SDKROOT = iphoneos;
				SWIFT_ACTIVE_COMPILATION_CONDITIONS = DEBUG;
				SWIFT_OPTIMIZATION_LEVEL = "-Onone";
			};
			name = Debug;
		};
		4A6570DF20749D3000DD1E52 /* Release */ = {
			isa = XCBuildConfiguration;
			buildSettings = {
				ALWAYS_SEARCH_USER_PATHS = NO;
				CLANG_ANALYZER_NONNULL = YES;
				CLANG_ANALYZER_NUMBER_OBJECT_CONVERSION = YES_AGGRESSIVE;
				CLANG_CXX_LANGUAGE_STANDARD = "gnu++14";
				CLANG_CXX_LIBRARY = "libc++";
				CLANG_ENABLE_MODULES = YES;
				CLANG_ENABLE_OBJC_ARC = YES;
				CLANG_WARN_BLOCK_CAPTURE_AUTORELEASING = YES;
				CLANG_WARN_BOOL_CONVERSION = YES;
				CLANG_WARN_COMMA = YES;
				CLANG_WARN_CONSTANT_CONVERSION = YES;
				CLANG_WARN_DIRECT_OBJC_ISA_USAGE = YES_ERROR;
				CLANG_WARN_DOCUMENTATION_COMMENTS = YES;
				CLANG_WARN_EMPTY_BODY = YES;
				CLANG_WARN_ENUM_CONVERSION = YES;
				CLANG_WARN_INFINITE_RECURSION = YES;
				CLANG_WARN_INT_CONVERSION = YES;
				CLANG_WARN_NON_LITERAL_NULL_CONVERSION = YES;
				CLANG_WARN_OBJC_LITERAL_CONVERSION = YES;
				CLANG_WARN_OBJC_ROOT_CLASS = YES_ERROR;
				CLANG_WARN_RANGE_LOOP_ANALYSIS = YES;
				CLANG_WARN_STRICT_PROTOTYPES = YES;
				CLANG_WARN_SUSPICIOUS_MOVE = YES;
				CLANG_WARN_UNGUARDED_AVAILABILITY = YES_AGGRESSIVE;
				CLANG_WARN_UNREACHABLE_CODE = YES;
				CLANG_WARN__DUPLICATE_METHOD_MATCH = YES;
				CODE_SIGN_IDENTITY = "iPhone Developer";
				COPY_PHASE_STRIP = NO;
				DEBUG_INFORMATION_FORMAT = "dwarf-with-dsym";
				ENABLE_NS_ASSERTIONS = NO;
				ENABLE_STRICT_OBJC_MSGSEND = YES;
				GCC_C_LANGUAGE_STANDARD = gnu11;
				GCC_NO_COMMON_BLOCKS = YES;
				GCC_WARN_64_TO_32_BIT_CONVERSION = YES;
				GCC_WARN_ABOUT_RETURN_TYPE = YES_ERROR;
				GCC_WARN_UNDECLARED_SELECTOR = YES;
				GCC_WARN_UNINITIALIZED_AUTOS = YES_AGGRESSIVE;
				GCC_WARN_UNUSED_FUNCTION = YES;
				GCC_WARN_UNUSED_VARIABLE = YES;
				IPHONEOS_DEPLOYMENT_TARGET = 11.2;
				MTL_ENABLE_DEBUG_INFO = NO;
				SDKROOT = iphoneos;
				SWIFT_OPTIMIZATION_LEVEL = "-Owholemodule";
				VALIDATE_PRODUCT = YES;
			};
			name = Release;
		};
		4A6570E120749D3000DD1E52 /* Debug */ = {
			isa = XCBuildConfiguration;
			buildSettings = {
				ASSETCATALOG_COMPILER_APPICON_NAME = AppIcon;
				CODE_SIGN_STYLE = Manual;
				DEVELOPMENT_TEAM = "";
				INFOPLIST_FILE = WhatIAm/Info.plist;
				LD_RUNPATH_SEARCH_PATHS = "$(inherited) @executable_path/Frameworks";
				PRODUCT_BUNDLE_IDENTIFIER = com.intimetec.WhatIAm;
				PRODUCT_NAME = "$(TARGET_NAME)";
				PROVISIONING_PROFILE_SPECIFIER = "";
				SWIFT_VERSION = 4.0;
				TARGETED_DEVICE_FAMILY = "1,2";
			};
			name = Debug;
		};
		4A6570E220749D3000DD1E52 /* Release */ = {
			isa = XCBuildConfiguration;
			buildSettings = {
				ASSETCATALOG_COMPILER_APPICON_NAME = AppIcon;
				CODE_SIGN_STYLE = Manual;
				DEVELOPMENT_TEAM = "";
				INFOPLIST_FILE = WhatIAm/Info.plist;
				LD_RUNPATH_SEARCH_PATHS = "$(inherited) @executable_path/Frameworks";
				PRODUCT_BUNDLE_IDENTIFIER = com.intimetec.WhatIAm;
				PRODUCT_NAME = "$(TARGET_NAME)";
				PROVISIONING_PROFILE_SPECIFIER = "";
				SWIFT_VERSION = 4.0;
				TARGETED_DEVICE_FAMILY = "1,2";
			};
			name = Release;
		};
/* End XCBuildConfiguration section */

/* Begin XCConfigurationList section */
		4A6570C920749D3000DD1E52 /* Build configuration list for PBXProject "WhatIAm" */ = {
			isa = XCConfigurationList;
			buildConfigurations = (
				4A6570DE20749D3000DD1E52 /* Debug */,
				4A6570DF20749D3000DD1E52 /* Release */,
			);
			defaultConfigurationIsVisible = 0;
			defaultConfigurationName = Release;
		};
		4A6570E020749D3000DD1E52 /* Build configuration list for PBXNativeTarget "WhatIAm" */ = {
			isa = XCConfigurationList;
			buildConfigurations = (
				4A6570E120749D3000DD1E52 /* Debug */,
				4A6570E220749D3000DD1E52 /* Release */,
			);
			defaultConfigurationIsVisible = 0;
			defaultConfigurationName = Release;
		};
/* End XCConfigurationList section */
	};
	rootObject = 4A6570C620749D3000DD1E52 /* Project object */;
}
